{
  "name": "nibble",
  "version": "1.0.0",
  "lockfileVersion": 1,
  "requires": true,
  "dependencies": {
    "animejs": {
      "version": "1.1.1",
      "resolved": "https://registry.npmjs.org/animejs/-/animejs-1.1.1.tgz",
      "integrity": "sha1-vpEKWHNbRnpSzNhY6mDwL4d72S4="
    },
    "react-anime": {
      "version": "0.3.4",
      "resolved": "https://registry.npmjs.org/react-anime/-/react-anime-0.3.4.tgz",
      "integrity": "sha1-4RydC3mwm7/cmLX0oEtgBFMO9oM=",
      "requires": {
        "animejs": "1.1.1"
      }
    }
  }
}
